// !$*UTF8*$!
{
	archiveVersion = 1;
	classes = {
	};
	objectVersion = 56;
	objects = {

/* Begin PBXBuildFile section */
		013712972C2698AF00A1F6AF /* HapticsManager.swift in Sources */ = {isa = PBXBuildFile; fileRef = 013712962C2698AF00A1F6AF /* HapticsManager.swift */; };
		013712AC2C26C6F200A1F6AF /* Boing.ahap in Resources */ = {isa = PBXBuildFile; fileRef = 0137129F2C26C6F100A1F6AF /* Boing.ahap */; };
		013712AD2C26C6F200A1F6AF /* Drums.ahap in Resources */ = {isa = PBXBuildFile; fileRef = 013712A02C26C6F100A1F6AF /* Drums.ahap */; };
		013712AE2C26C6F200A1F6AF /* Drums.wav in Resources */ = {isa = PBXBuildFile; fileRef = 013712A12C26C6F100A1F6AF /* Drums.wav */; };
		013712AF2C26C6F200A1F6AF /* Gravel.ahap in Resources */ = {isa = PBXBuildFile; fileRef = 013712A22C26C6F100A1F6AF /* Gravel.ahap */; };
		013712B02C26C6F200A1F6AF /* Heartbeats.ahap in Resources */ = {isa = PBXBuildFile; fileRef = 013712A32C26C6F100A1F6AF /* Heartbeats.ahap */; };
		013712B12C26C6F200A1F6AF /* Hit.ahap in Resources */ = {isa = PBXBuildFile; fileRef = 013712A42C26C6F100A1F6AF /* Hit.ahap */; };
		013712B22C26C6F200A1F6AF /* Inflate.ahap in Resources */ = {isa = PBXBuildFile; fileRef = 013712A52C26C6F100A1F6AF /* Inflate.ahap */; };
		013712B32C26C6F200A1F6AF /* Oscillate.ahap in Resources */ = {isa = PBXBuildFile; fileRef = 013712A62C26C6F100A1F6AF /* Oscillate.ahap */; };
		013712B42C26C6F200A1F6AF /* Recharge.ahap in Resources */ = {isa = PBXBuildFile; fileRef = 013712A72C26C6F100A1F6AF /* Recharge.ahap */; };
		013712B52C26C6F200A1F6AF /* Rumble.ahap in Resources */ = {isa = PBXBuildFile; fileRef = 013712A82C26C6F100A1F6AF /* Rumble.ahap */; };
		013712B62C26C6F200A1F6AF /* Sparkle.ahap in Resources */ = {isa = PBXBuildFile; fileRef = 013712A92C26C6F100A1F6AF /* Sparkle.ahap */; };
		013712B72C26C6F200A1F6AF /* Triple.ahap in Resources */ = {isa = PBXBuildFile; fileRef = 013712AA2C26C6F100A1F6AF /* Triple.ahap */; };
		013712B92C2A95C700A1F6AF /* Coin.swift in Sources */ = {isa = PBXBuildFile; fileRef = 013712B82C2A95C700A1F6AF /* Coin.swift */; };
		01FE5C402C247FF20077920C /* NodeComponent.swift in Sources */ = {isa = PBXBuildFile; fileRef = 01FE5C3F2C247FF20077920C /* NodeComponent.swift */; };
		01FE5C422C2480110077920C /* JumpForeverComponent.swift in Sources */ = {isa = PBXBuildFile; fileRef = 01FE5C412C2480110077920C /* JumpForeverComponent.swift */; };
		4C7462F42C2AED6B009A40F9 /* SoundController.swift in Sources */ = {isa = PBXBuildFile; fileRef = 4C7462F32C2AED6B009A40F9 /* SoundController.swift */; };
		4C7462F62C2AEE38009A40F9 /* bgmGamePlay.mp3 in Resources */ = {isa = PBXBuildFile; fileRef = 4C7462F52C2AEE38009A40F9 /* bgmGamePlay.mp3 */; };
		4C7462F82C2AEF75009A40F9 /* click.mp3 in Resources */ = {isa = PBXBuildFile; fileRef = 4C7462F72C2AEF75009A40F9 /* click.mp3 */; };
		4C7462FA2C2AF352009A40F9 /* coin.mp3 in Resources */ = {isa = PBXBuildFile; fileRef = 4C7462F92C2AF352009A40F9 /* coin.mp3 */; };
		4C7462FC2C2AF58F009A40F9 /* diamond.mp3 in Resources */ = {isa = PBXBuildFile; fileRef = 4C7462FB2C2AF58F009A40F9 /* diamond.mp3 */; };
		4C7462FE2C2AF86B009A40F9 /* trampoline.mp3 in Resources */ = {isa = PBXBuildFile; fileRef = 4C7462FD2C2AF86B009A40F9 /* trampoline.mp3 */; };
		4C7463002C2AF944009A40F9 /* dead.mp3 in Resources */ = {isa = PBXBuildFile; fileRef = 4C7462FF2C2AF944009A40F9 /* dead.mp3 */; };
		4C7463022C2B02FC009A40F9 /* bgmEnding.mp3 in Resources */ = {isa = PBXBuildFile; fileRef = 4C7463012C2B02FC009A40F9 /* bgmEnding.mp3 */; };
		4C7EFB2B2C27584400E9F8DE /* MenuScene.sks in Resources */ = {isa = PBXBuildFile; fileRef = 4C7EFB2A2C27584400E9F8DE /* MenuScene.sks */; };
		4C7EFB2D2C27584D00E9F8DE /* MenuScene.swift in Sources */ = {isa = PBXBuildFile; fileRef = 4C7EFB2C2C27584D00E9F8DE /* MenuScene.swift */; };
		4C7EFB2F2C28553C00E9F8DE /* Foreground.swift in Sources */ = {isa = PBXBuildFile; fileRef = 4C7EFB2E2C28553C00E9F8DE /* Foreground.swift */; };
		4C7EFB312C2919C700E9F8DE /* InteractableBox.swift in Sources */ = {isa = PBXBuildFile; fileRef = 4C7EFB302C2919C700E9F8DE /* InteractableBox.swift */; };
		4CED17EA2C130D2F007588F7 /* AppDelegate.swift in Sources */ = {isa = PBXBuildFile; fileRef = 4CED17E92C130D2F007588F7 /* AppDelegate.swift */; };
		4CED17EC2C130D2F007588F7 /* GameScene.sks in Resources */ = {isa = PBXBuildFile; fileRef = 4CED17EB2C130D2F007588F7 /* GameScene.sks */; };
		4CED17EE2C130D2F007588F7 /* Actions.sks in Resources */ = {isa = PBXBuildFile; fileRef = 4CED17ED2C130D2F007588F7 /* Actions.sks */; };
		4CED17F02C130D2F007588F7 /* LevelSelectScene.swift in Sources */ = {isa = PBXBuildFile; fileRef = 4CED17EF2C130D2F007588F7 /* LevelSelectScene.swift */; };
		4CED17F22C130D2F007588F7 /* ViewController.swift in Sources */ = {isa = PBXBuildFile; fileRef = 4CED17F12C130D2F007588F7 /* ViewController.swift */; };
		4CED17F42C130D31007588F7 /* Assets.xcassets in Resources */ = {isa = PBXBuildFile; fileRef = 4CED17F32C130D31007588F7 /* Assets.xcassets */; };
		4CED17F72C130D31007588F7 /* Base in Resources */ = {isa = PBXBuildFile; fileRef = 4CED17F62C130D31007588F7 /* Base */; };
		4CED17FF2C1311A3007588F7 /* Section.swift in Sources */ = {isa = PBXBuildFile; fileRef = 4CED17FE2C1311A3007588F7 /* Section.swift */; };
		4CED18092C1341B7007588F7 /* Level.swift in Sources */ = {isa = PBXBuildFile; fileRef = 4CED18082C1341B7007588F7 /* Level.swift */; };
		4CED180B2C1343A4007588F7 /* JSONParser.swift in Sources */ = {isa = PBXBuildFile; fileRef = 4CED180A2C1343A4007588F7 /* JSONParser.swift */; };
		4CED180D2C13504F007588F7 /* Story.swift in Sources */ = {isa = PBXBuildFile; fileRef = 4CED180C2C13504F007588F7 /* Story.swift */; };
		4CED18132C135324007588F7 /* Door.swift in Sources */ = {isa = PBXBuildFile; fileRef = 4CED18122C135324007588F7 /* Door.swift */; };
		4CED18152C1356B3007588F7 /* Hazzard.swift in Sources */ = {isa = PBXBuildFile; fileRef = 4CED18142C1356B3007588F7 /* Hazzard.swift */; };
		4CED18172C135E1D007588F7 /* Player.swift in Sources */ = {isa = PBXBuildFile; fileRef = 4CED18162C135E1D007588F7 /* Player.swift */; };
		4CED181B2C13641C007588F7 /* LevelSelectScene.sks in Resources */ = {isa = PBXBuildFile; fileRef = 4CED181A2C13641C007588F7 /* LevelSelectScene.sks */; };
		4CED181D2C136448007588F7 /* GameScene.swift in Sources */ = {isa = PBXBuildFile; fileRef = 4CED181C2C136448007588F7 /* GameScene.swift */; };
		4CFED3BF2C1811A800912A89 /* dataBase.json in Resources */ = {isa = PBXBuildFile; fileRef = 4CFED3BE2C1811A800912A89 /* dataBase.json */; };
		4CFED3C12C183C3600912A89 /* GameController.swift in Sources */ = {isa = PBXBuildFile; fileRef = 4CFED3C02C183C3600912A89 /* GameController.swift */; };
/* End PBXBuildFile section */

/* Begin PBXFileReference section */
		013712962C2698AF00A1F6AF /* HapticsManager.swift */ = {isa = PBXFileReference; lastKnownFileType = sourcecode.swift; path = HapticsManager.swift; sourceTree = "<group>"; };
		0137129F2C26C6F100A1F6AF /* Boing.ahap */ = {isa = PBXFileReference; fileEncoding = 4; lastKnownFileType = text; path = Boing.ahap; sourceTree = "<group>"; };
		013712A02C26C6F100A1F6AF /* Drums.ahap */ = {isa = PBXFileReference; fileEncoding = 4; lastKnownFileType = text; path = Drums.ahap; sourceTree = "<group>"; };
		013712A12C26C6F100A1F6AF /* Drums.wav */ = {isa = PBXFileReference; lastKnownFileType = audio.wav; path = Drums.wav; sourceTree = "<group>"; };
		013712A22C26C6F100A1F6AF /* Gravel.ahap */ = {isa = PBXFileReference; fileEncoding = 4; lastKnownFileType = text; path = Gravel.ahap; sourceTree = "<group>"; };
		013712A32C26C6F100A1F6AF /* Heartbeats.ahap */ = {isa = PBXFileReference; fileEncoding = 4; lastKnownFileType = text; path = Heartbeats.ahap; sourceTree = "<group>"; };
		013712A42C26C6F100A1F6AF /* Hit.ahap */ = {isa = PBXFileReference; fileEncoding = 4; lastKnownFileType = text; path = Hit.ahap; sourceTree = "<group>"; };
		013712A52C26C6F100A1F6AF /* Inflate.ahap */ = {isa = PBXFileReference; fileEncoding = 4; lastKnownFileType = text; path = Inflate.ahap; sourceTree = "<group>"; };
		013712A62C26C6F100A1F6AF /* Oscillate.ahap */ = {isa = PBXFileReference; fileEncoding = 4; lastKnownFileType = text; path = Oscillate.ahap; sourceTree = "<group>"; };
		013712A72C26C6F100A1F6AF /* Recharge.ahap */ = {isa = PBXFileReference; fileEncoding = 4; lastKnownFileType = text; path = Recharge.ahap; sourceTree = "<group>"; };
		013712A82C26C6F100A1F6AF /* Rumble.ahap */ = {isa = PBXFileReference; fileEncoding = 4; lastKnownFileType = text; path = Rumble.ahap; sourceTree = "<group>"; };
		013712A92C26C6F100A1F6AF /* Sparkle.ahap */ = {isa = PBXFileReference; fileEncoding = 4; lastKnownFileType = text; path = Sparkle.ahap; sourceTree = "<group>"; };
		013712AA2C26C6F100A1F6AF /* Triple.ahap */ = {isa = PBXFileReference; fileEncoding = 4; lastKnownFileType = text; path = Triple.ahap; sourceTree = "<group>"; };
		013712B82C2A95C700A1F6AF /* Coin.swift */ = {isa = PBXFileReference; lastKnownFileType = sourcecode.swift; path = Coin.swift; sourceTree = "<group>"; };
		01FE5C3F2C247FF20077920C /* NodeComponent.swift */ = {isa = PBXFileReference; lastKnownFileType = sourcecode.swift; path = NodeComponent.swift; sourceTree = "<group>"; };
		01FE5C412C2480110077920C /* JumpForeverComponent.swift */ = {isa = PBXFileReference; lastKnownFileType = sourcecode.swift; path = JumpForeverComponent.swift; sourceTree = "<group>"; };
		4C7462F32C2AED6B009A40F9 /* SoundController.swift */ = {isa = PBXFileReference; lastKnownFileType = sourcecode.swift; path = SoundController.swift; sourceTree = "<group>"; };
		4C7462F52C2AEE38009A40F9 /* bgmGamePlay.mp3 */ = {isa = PBXFileReference; lastKnownFileType = audio.mp3; path = bgmGamePlay.mp3; sourceTree = "<group>"; };
		4C7462F72C2AEF75009A40F9 /* click.mp3 */ = {isa = PBXFileReference; lastKnownFileType = audio.mp3; path = click.mp3; sourceTree = "<group>"; };
		4C7462F92C2AF352009A40F9 /* coin.mp3 */ = {isa = PBXFileReference; lastKnownFileType = audio.mp3; path = coin.mp3; sourceTree = "<group>"; };
		4C7462FB2C2AF58F009A40F9 /* diamond.mp3 */ = {isa = PBXFileReference; lastKnownFileType = audio.mp3; path = diamond.mp3; sourceTree = "<group>"; };
		4C7462FD2C2AF86B009A40F9 /* trampoline.mp3 */ = {isa = PBXFileReference; lastKnownFileType = audio.mp3; path = trampoline.mp3; sourceTree = "<group>"; };
		4C7462FF2C2AF944009A40F9 /* dead.mp3 */ = {isa = PBXFileReference; lastKnownFileType = audio.mp3; path = dead.mp3; sourceTree = "<group>"; };
		4C7463012C2B02FC009A40F9 /* bgmEnding.mp3 */ = {isa = PBXFileReference; lastKnownFileType = audio.mp3; path = bgmEnding.mp3; sourceTree = "<group>"; };
		4C7EFB2A2C27584400E9F8DE /* MenuScene.sks */ = {isa = PBXFileReference; lastKnownFileType = file.sks; path = MenuScene.sks; sourceTree = "<group>"; };
		4C7EFB2C2C27584D00E9F8DE /* MenuScene.swift */ = {isa = PBXFileReference; lastKnownFileType = sourcecode.swift; path = MenuScene.swift; sourceTree = "<group>"; };
		4C7EFB2E2C28553C00E9F8DE /* Foreground.swift */ = {isa = PBXFileReference; lastKnownFileType = sourcecode.swift; path = Foreground.swift; sourceTree = "<group>"; };
		4C7EFB302C2919C700E9F8DE /* InteractableBox.swift */ = {isa = PBXFileReference; lastKnownFileType = sourcecode.swift; path = InteractableBox.swift; sourceTree = "<group>"; };
		4CED17E62C130D2F007588F7 /* MalingAdventure.app */ = {isa = PBXFileReference; explicitFileType = wrapper.application; includeInIndex = 0; path = MalingAdventure.app; sourceTree = BUILT_PRODUCTS_DIR; };
		4CED17E92C130D2F007588F7 /* AppDelegate.swift */ = {isa = PBXFileReference; lastKnownFileType = sourcecode.swift; path = AppDelegate.swift; sourceTree = "<group>"; };
		4CED17EB2C130D2F007588F7 /* GameScene.sks */ = {isa = PBXFileReference; lastKnownFileType = file.sks; path = GameScene.sks; sourceTree = "<group>"; };
		4CED17ED2C130D2F007588F7 /* Actions.sks */ = {isa = PBXFileReference; lastKnownFileType = file.sks; path = Actions.sks; sourceTree = "<group>"; };
		4CED17EF2C130D2F007588F7 /* LevelSelectScene.swift */ = {isa = PBXFileReference; lastKnownFileType = sourcecode.swift; path = LevelSelectScene.swift; sourceTree = "<group>"; };
		4CED17F12C130D2F007588F7 /* ViewController.swift */ = {isa = PBXFileReference; lastKnownFileType = sourcecode.swift; path = ViewController.swift; sourceTree = "<group>"; };
		4CED17F32C130D31007588F7 /* Assets.xcassets */ = {isa = PBXFileReference; lastKnownFileType = folder.assetcatalog; path = Assets.xcassets; sourceTree = "<group>"; };
		4CED17F62C130D31007588F7 /* Base */ = {isa = PBXFileReference; lastKnownFileType = file.storyboard; name = Base; path = Base.lproj/Main.storyboard; sourceTree = "<group>"; };
		4CED17F82C130D31007588F7 /* MalingAdventure.entitlements */ = {isa = PBXFileReference; lastKnownFileType = text.plist.entitlements; path = MalingAdventure.entitlements; sourceTree = "<group>"; };
		4CED17FE2C1311A3007588F7 /* Section.swift */ = {isa = PBXFileReference; lastKnownFileType = sourcecode.swift; path = Section.swift; sourceTree = "<group>"; };
		4CED18082C1341B7007588F7 /* Level.swift */ = {isa = PBXFileReference; lastKnownFileType = sourcecode.swift; path = Level.swift; sourceTree = "<group>"; };
		4CED180A2C1343A4007588F7 /* JSONParser.swift */ = {isa = PBXFileReference; lastKnownFileType = sourcecode.swift; path = JSONParser.swift; sourceTree = "<group>"; };
		4CED180C2C13504F007588F7 /* Story.swift */ = {isa = PBXFileReference; lastKnownFileType = sourcecode.swift; path = Story.swift; sourceTree = "<group>"; };
		4CED18122C135324007588F7 /* Door.swift */ = {isa = PBXFileReference; lastKnownFileType = sourcecode.swift; path = Door.swift; sourceTree = "<group>"; };
		4CED18142C1356B3007588F7 /* Hazzard.swift */ = {isa = PBXFileReference; lastKnownFileType = sourcecode.swift; path = Hazzard.swift; sourceTree = "<group>"; };
		4CED18162C135E1D007588F7 /* Player.swift */ = {isa = PBXFileReference; lastKnownFileType = sourcecode.swift; path = Player.swift; sourceTree = "<group>"; };
		4CED181A2C13641C007588F7 /* LevelSelectScene.sks */ = {isa = PBXFileReference; lastKnownFileType = file.sks; path = LevelSelectScene.sks; sourceTree = "<group>"; };
		4CED181C2C136448007588F7 /* GameScene.swift */ = {isa = PBXFileReference; lastKnownFileType = sourcecode.swift; path = GameScene.swift; sourceTree = "<group>"; };
		4CFED3BE2C1811A800912A89 /* dataBase.json */ = {isa = PBXFileReference; fileEncoding = 4; lastKnownFileType = text.json; path = dataBase.json; sourceTree = "<group>"; };
		4CFED3C02C183C3600912A89 /* GameController.swift */ = {isa = PBXFileReference; lastKnownFileType = sourcecode.swift; path = GameController.swift; sourceTree = "<group>"; };
/* End PBXFileReference section */

/* Begin PBXFrameworksBuildPhase section */
		4CED17E32C130D2F007588F7 /* Frameworks */ = {
			isa = PBXFrameworksBuildPhase;
			buildActionMask = 2147483647;
			files = (
			);
			runOnlyForDeploymentPostprocessing = 0;
		};
/* End PBXFrameworksBuildPhase section */

/* Begin PBXGroup section */
		013712952C26989A00A1F6AF /* HapticControllers */ = {
			isa = PBXGroup;
			children = (
				013712962C2698AF00A1F6AF /* HapticsManager.swift */,
			);
			path = HapticControllers;
			sourceTree = "<group>";
		};
		013712AB2C26C6F100A1F6AF /* AHAP */ = {
			isa = PBXGroup;
			children = (
				0137129F2C26C6F100A1F6AF /* Boing.ahap */,
				013712A02C26C6F100A1F6AF /* Drums.ahap */,
				013712A12C26C6F100A1F6AF /* Drums.wav */,
				013712A22C26C6F100A1F6AF /* Gravel.ahap */,
				013712A32C26C6F100A1F6AF /* Heartbeats.ahap */,
				013712A42C26C6F100A1F6AF /* Hit.ahap */,
				013712A52C26C6F100A1F6AF /* Inflate.ahap */,
				013712A62C26C6F100A1F6AF /* Oscillate.ahap */,
				013712A72C26C6F100A1F6AF /* Recharge.ahap */,
				013712A82C26C6F100A1F6AF /* Rumble.ahap */,
				013712A92C26C6F100A1F6AF /* Sparkle.ahap */,
				013712AA2C26C6F100A1F6AF /* Triple.ahap */,
			);
			path = AHAP;
			sourceTree = "<group>";
		};
		01FE5C3E2C247FE30077920C /* Components */ = {
			isa = PBXGroup;
			children = (
				01FE5C3F2C247FF20077920C /* NodeComponent.swift */,
				01FE5C412C2480110077920C /* JumpForeverComponent.swift */,
			);
			path = Components;
			sourceTree = "<group>";
		};
		4C7462F12C2AED24009A40F9 /* Sound */ = {
			isa = PBXGroup;
			children = (
				4C7462F92C2AF352009A40F9 /* coin.mp3 */,
				4C7462F72C2AEF75009A40F9 /* click.mp3 */,
				4C7463012C2B02FC009A40F9 /* bgmEnding.mp3 */,
				4C7462F52C2AEE38009A40F9 /* bgmGamePlay.mp3 */,
				4C7462FF2C2AF944009A40F9 /* dead.mp3 */,
				4C7462FD2C2AF86B009A40F9 /* trampoline.mp3 */,
				4C7462FB2C2AF58F009A40F9 /* diamond.mp3 */,
			);
			path = Sound;
			sourceTree = "<group>";
		};
		4C7462F22C2AED46009A40F9 /* SoundController */ = {
			isa = PBXGroup;
			children = (
				4C7462F32C2AED6B009A40F9 /* SoundController.swift */,
			);
			path = SoundController;
			sourceTree = "<group>";
		};
		4CED17DD2C130D2F007588F7 = {
			isa = PBXGroup;
			children = (
				4CED17E82C130D2F007588F7 /* MalingAdventure */,
				4CED17E72C130D2F007588F7 /* Products */,
			);
			sourceTree = "<group>";
		};
		4CED17E72C130D2F007588F7 /* Products */ = {
			isa = PBXGroup;
			children = (
				4CED17E62C130D2F007588F7 /* MalingAdventure.app */,
			);
			name = Products;
			sourceTree = "<group>";
		};
		4CED17E82C130D2F007588F7 /* MalingAdventure */ = {
			isa = PBXGroup;
			children = (
				4C7462F22C2AED46009A40F9 /* SoundController */,
				4C7462F12C2AED24009A40F9 /* Sound */,
				013712AB2C26C6F100A1F6AF /* AHAP */,
				013712952C26989A00A1F6AF /* HapticControllers */,
				01FE5C3E2C247FE30077920C /* Components */,
				4CFED3BE2C1811A800912A89 /* dataBase.json */,
				4CED18112C135138007588F7 /* Helper */,
				4CED18102C135124007588F7 /* ViewModel */,
				4CED180F2C13506D007588F7 /* View */,
				4CED180E2C135059007588F7 /* Model */,
				4CED17E92C130D2F007588F7 /* AppDelegate.swift */,
				4CED17ED2C130D2F007588F7 /* Actions.sks */,
				4CED17F32C130D31007588F7 /* Assets.xcassets */,
				4CED17F52C130D31007588F7 /* Main.storyboard */,
				4CED17F82C130D31007588F7 /* MalingAdventure.entitlements */,
			);
			path = MalingAdventure;
			sourceTree = "<group>";
		};
		4CED180E2C135059007588F7 /* Model */ = {
			isa = PBXGroup;
			children = (
				4CED17FE2C1311A3007588F7 /* Section.swift */,
				4CED18082C1341B7007588F7 /* Level.swift */,
				4CED180C2C13504F007588F7 /* Story.swift */,
				4CED18122C135324007588F7 /* Door.swift */,
				4CED18142C1356B3007588F7 /* Hazzard.swift */,
				4CED18162C135E1D007588F7 /* Player.swift */,
				4C7EFB2E2C28553C00E9F8DE /* Foreground.swift */,
				4C7EFB302C2919C700E9F8DE /* InteractableBox.swift */,
				013712B82C2A95C700A1F6AF /* Coin.swift */,
			);
			path = Model;
			sourceTree = "<group>";
		};
		4CED180F2C13506D007588F7 /* View */ = {
			isa = PBXGroup;
			children = (
				4CED17F12C130D2F007588F7 /* ViewController.swift */,
			);
			path = View;
			sourceTree = "<group>";
		};
		4CED18102C135124007588F7 /* ViewModel */ = {
			isa = PBXGroup;
			children = (
				4CED181A2C13641C007588F7 /* LevelSelectScene.sks */,
				4CED17EF2C130D2F007588F7 /* LevelSelectScene.swift */,
				4CED17EB2C130D2F007588F7 /* GameScene.sks */,
				4CED181C2C136448007588F7 /* GameScene.swift */,
				4C7EFB2A2C27584400E9F8DE /* MenuScene.sks */,
				4C7EFB2C2C27584D00E9F8DE /* MenuScene.swift */,
			);
			path = ViewModel;
			sourceTree = "<group>";
		};
		4CED18112C135138007588F7 /* Helper */ = {
			isa = PBXGroup;
			children = (
				4CED180A2C1343A4007588F7 /* JSONParser.swift */,
				4CFED3C02C183C3600912A89 /* GameController.swift */,
			);
			path = Helper;
			sourceTree = "<group>";
		};
/* End PBXGroup section */

/* Begin PBXNativeTarget section */
		4CED17E52C130D2F007588F7 /* MalingAdventure */ = {
			isa = PBXNativeTarget;
			buildConfigurationList = 4CED17FB2C130D31007588F7 /* Build configuration list for PBXNativeTarget "MalingAdventure" */;
			buildPhases = (
				4CED17E22C130D2F007588F7 /* Sources */,
				4CED17E32C130D2F007588F7 /* Frameworks */,
				4CED17E42C130D2F007588F7 /* Resources */,
			);
			buildRules = (
			);
			dependencies = (
			);
			name = MalingAdventure;
			productName = MalingAdventure;
			productReference = 4CED17E62C130D2F007588F7 /* MalingAdventure.app */;
			productType = "com.apple.product-type.application";
		};
/* End PBXNativeTarget section */

/* Begin PBXProject section */
		4CED17DE2C130D2F007588F7 /* Project object */ = {
			isa = PBXProject;
			attributes = {
				BuildIndependentTargetsInParallel = 1;
				LastSwiftUpdateCheck = 1530;
				LastUpgradeCheck = 1600;
				TargetAttributes = {
					4CED17E52C130D2F007588F7 = {
						CreatedOnToolsVersion = 15.3;
					};
				};
			};
			buildConfigurationList = 4CED17E12C130D2F007588F7 /* Build configuration list for PBXProject "MalingAdventure" */;
			compatibilityVersion = "Xcode 14.0";
			developmentRegion = en;
			hasScannedForEncodings = 0;
			knownRegions = (
				en,
				Base,
			);
			mainGroup = 4CED17DD2C130D2F007588F7;
			productRefGroup = 4CED17E72C130D2F007588F7 /* Products */;
			projectDirPath = "";
			projectRoot = "";
			targets = (
				4CED17E52C130D2F007588F7 /* MalingAdventure */,
			);
		};
/* End PBXProject section */

/* Begin PBXResourcesBuildPhase section */
		4CED17E42C130D2F007588F7 /* Resources */ = {
			isa = PBXResourcesBuildPhase;
			buildActionMask = 2147483647;
			files = (
				4C7462FC2C2AF58F009A40F9 /* diamond.mp3 in Resources */,
				4C7463002C2AF944009A40F9 /* dead.mp3 in Resources */,
				013712B22C26C6F200A1F6AF /* Inflate.ahap in Resources */,
				013712B42C26C6F200A1F6AF /* Recharge.ahap in Resources */,
				4CED17EC2C130D2F007588F7 /* GameScene.sks in Resources */,
				013712B12C26C6F200A1F6AF /* Hit.ahap in Resources */,
				4CED17F42C130D31007588F7 /* Assets.xcassets in Resources */,
				013712AC2C26C6F200A1F6AF /* Boing.ahap in Resources */,
				013712B62C26C6F200A1F6AF /* Sparkle.ahap in Resources */,
				4C7462FA2C2AF352009A40F9 /* coin.mp3 in Resources */,
				4C7463022C2B02FC009A40F9 /* bgmEnding.mp3 in Resources */,
				013712B02C26C6F200A1F6AF /* Heartbeats.ahap in Resources */,
				4CED181B2C13641C007588F7 /* LevelSelectScene.sks in Resources */,
				4C7EFB2B2C27584400E9F8DE /* MenuScene.sks in Resources */,
				013712AF2C26C6F200A1F6AF /* Gravel.ahap in Resources */,
				4CED17EE2C130D2F007588F7 /* Actions.sks in Resources */,
				013712B52C26C6F200A1F6AF /* Rumble.ahap in Resources */,
				013712AE2C26C6F200A1F6AF /* Drums.wav in Resources */,
				013712B32C26C6F200A1F6AF /* Oscillate.ahap in Resources */,
				4C7462F62C2AEE38009A40F9 /* bgmGamePlay.mp3 in Resources */,
				013712AD2C26C6F200A1F6AF /* Drums.ahap in Resources */,
				013712B72C26C6F200A1F6AF /* Triple.ahap in Resources */,
				4CFED3BF2C1811A800912A89 /* dataBase.json in Resources */,
				4CED17F72C130D31007588F7 /* Base in Resources */,
				4C7462F82C2AEF75009A40F9 /* click.mp3 in Resources */,
				4C7462FE2C2AF86B009A40F9 /* trampoline.mp3 in Resources */,
			);
			runOnlyForDeploymentPostprocessing = 0;
		};
/* End PBXResourcesBuildPhase section */

/* Begin PBXSourcesBuildPhase section */
		4CED17E22C130D2F007588F7 /* Sources */ = {
			isa = PBXSourcesBuildPhase;
			buildActionMask = 2147483647;
			files = (
				01FE5C402C247FF20077920C /* NodeComponent.swift in Sources */,
				4C7462F42C2AED6B009A40F9 /* SoundController.swift in Sources */,
				4CED17F22C130D2F007588F7 /* ViewController.swift in Sources */,
				4CFED3C12C183C3600912A89 /* GameController.swift in Sources */,
				013712972C2698AF00A1F6AF /* HapticsManager.swift in Sources */,
				013712B92C2A95C700A1F6AF /* Coin.swift in Sources */,
				01FE5C422C2480110077920C /* JumpForeverComponent.swift in Sources */,
				4C7EFB312C2919C700E9F8DE /* InteractableBox.swift in Sources */,
				4CED18152C1356B3007588F7 /* Hazzard.swift in Sources */,
				4CED18132C135324007588F7 /* Door.swift in Sources */,
				4CED17FF2C1311A3007588F7 /* Section.swift in Sources */,
				4C7EFB2F2C28553C00E9F8DE /* Foreground.swift in Sources */,
				4CED17F02C130D2F007588F7 /* LevelSelectScene.swift in Sources */,
				4CED181D2C136448007588F7 /* GameScene.swift in Sources */,
				4CED18092C1341B7007588F7 /* Level.swift in Sources */,
				4CED17EA2C130D2F007588F7 /* AppDelegate.swift in Sources */,
				4CED180B2C1343A4007588F7 /* JSONParser.swift in Sources */,
				4C7EFB2D2C27584D00E9F8DE /* MenuScene.swift in Sources */,
				4CED18172C135E1D007588F7 /* Player.swift in Sources */,
				4CED180D2C13504F007588F7 /* Story.swift in Sources */,
			);
			runOnlyForDeploymentPostprocessing = 0;
		};
/* End PBXSourcesBuildPhase section */

/* Begin PBXVariantGroup section */
		4CED17F52C130D31007588F7 /* Main.storyboard */ = {
			isa = PBXVariantGroup;
			children = (
				4CED17F62C130D31007588F7 /* Base */,
			);
			name = Main.storyboard;
			sourceTree = "<group>";
		};
/* End PBXVariantGroup section */

/* Begin XCBuildConfiguration section */
		4CED17F92C130D31007588F7 /* Debug */ = {
			isa = XCBuildConfiguration;
			buildSettings = {
				ALWAYS_SEARCH_USER_PATHS = NO;
				ASSETCATALOG_COMPILER_GENERATE_SWIFT_ASSET_SYMBOL_EXTENSIONS = YES;
				CLANG_ANALYZER_NONNULL = YES;
				CLANG_ANALYZER_NUMBER_OBJECT_CONVERSION = YES_AGGRESSIVE;
				CLANG_CXX_LANGUAGE_STANDARD = "gnu++20";
				CLANG_ENABLE_MODULES = YES;
				CLANG_ENABLE_OBJC_ARC = YES;
				CLANG_ENABLE_OBJC_WEAK = YES;
				CLANG_WARN_BLOCK_CAPTURE_AUTORELEASING = YES;
				CLANG_WARN_BOOL_CONVERSION = YES;
				CLANG_WARN_COMMA = YES;
				CLANG_WARN_CONSTANT_CONVERSION = YES;
				CLANG_WARN_DEPRECATED_OBJC_IMPLEMENTATIONS = YES;
				CLANG_WARN_DIRECT_OBJC_ISA_USAGE = YES_ERROR;
				CLANG_WARN_DOCUMENTATION_COMMENTS = YES;
				CLANG_WARN_EMPTY_BODY = YES;
				CLANG_WARN_ENUM_CONVERSION = YES;
				CLANG_WARN_INFINITE_RECURSION = YES;
				CLANG_WARN_INT_CONVERSION = YES;
				CLANG_WARN_NON_LITERAL_NULL_CONVERSION = YES;
				CLANG_WARN_OBJC_IMPLICIT_RETAIN_SELF = YES;
				CLANG_WARN_OBJC_LITERAL_CONVERSION = YES;
				CLANG_WARN_OBJC_ROOT_CLASS = YES_ERROR;
				CLANG_WARN_QUOTED_INCLUDE_IN_FRAMEWORK_HEADER = YES;
				CLANG_WARN_RANGE_LOOP_ANALYSIS = YES;
				CLANG_WARN_STRICT_PROTOTYPES = YES;
				CLANG_WARN_SUSPICIOUS_MOVE = YES;
				CLANG_WARN_UNGUARDED_AVAILABILITY = YES_AGGRESSIVE;
				CLANG_WARN_UNREACHABLE_CODE = YES;
				CLANG_WARN__DUPLICATE_METHOD_MATCH = YES;
				COPY_PHASE_STRIP = NO;
				DEAD_CODE_STRIPPING = YES;
				DEBUG_INFORMATION_FORMAT = dwarf;
				ENABLE_STRICT_OBJC_MSGSEND = YES;
				ENABLE_TESTABILITY = YES;
				ENABLE_USER_SCRIPT_SANDBOXING = YES;
				GCC_C_LANGUAGE_STANDARD = gnu17;
				GCC_DYNAMIC_NO_PIC = NO;
				GCC_NO_COMMON_BLOCKS = YES;
				GCC_OPTIMIZATION_LEVEL = 0;
				GCC_PREPROCESSOR_DEFINITIONS = (
					"DEBUG=1",
					"$(inherited)",
				);
				GCC_WARN_64_TO_32_BIT_CONVERSION = YES;
				GCC_WARN_ABOUT_RETURN_TYPE = YES_ERROR;
				GCC_WARN_UNDECLARED_SELECTOR = YES;
				GCC_WARN_UNINITIALIZED_AUTOS = YES_AGGRESSIVE;
				GCC_WARN_UNUSED_FUNCTION = YES;
				GCC_WARN_UNUSED_VARIABLE = YES;
				LOCALIZATION_PREFERS_STRING_CATALOGS = YES;
				MACOSX_DEPLOYMENT_TARGET = 14.4;
				MTL_ENABLE_DEBUG_INFO = INCLUDE_SOURCE;
				MTL_FAST_MATH = YES;
				ONLY_ACTIVE_ARCH = YES;
				SDKROOT = macosx;
				SWIFT_ACTIVE_COMPILATION_CONDITIONS = "DEBUG $(inherited)";
				SWIFT_OPTIMIZATION_LEVEL = "-Onone";
			};
			name = Debug;
		};
		4CED17FA2C130D31007588F7 /* Release */ = {
			isa = XCBuildConfiguration;
			buildSettings = {
				ALWAYS_SEARCH_USER_PATHS = NO;
				ASSETCATALOG_COMPILER_GENERATE_SWIFT_ASSET_SYMBOL_EXTENSIONS = YES;
				CLANG_ANALYZER_NONNULL = YES;
				CLANG_ANALYZER_NUMBER_OBJECT_CONVERSION = YES_AGGRESSIVE;
				CLANG_CXX_LANGUAGE_STANDARD = "gnu++20";
				CLANG_ENABLE_MODULES = YES;
				CLANG_ENABLE_OBJC_ARC = YES;
				CLANG_ENABLE_OBJC_WEAK = YES;
				CLANG_WARN_BLOCK_CAPTURE_AUTORELEASING = YES;
				CLANG_WARN_BOOL_CONVERSION = YES;
				CLANG_WARN_COMMA = YES;
				CLANG_WARN_CONSTANT_CONVERSION = YES;
				CLANG_WARN_DEPRECATED_OBJC_IMPLEMENTATIONS = YES;
				CLANG_WARN_DIRECT_OBJC_ISA_USAGE = YES_ERROR;
				CLANG_WARN_DOCUMENTATION_COMMENTS = YES;
				CLANG_WARN_EMPTY_BODY = YES;
				CLANG_WARN_ENUM_CONVERSION = YES;
				CLANG_WARN_INFINITE_RECURSION = YES;
				CLANG_WARN_INT_CONVERSION = YES;
				CLANG_WARN_NON_LITERAL_NULL_CONVERSION = YES;
				CLANG_WARN_OBJC_IMPLICIT_RETAIN_SELF = YES;
				CLANG_WARN_OBJC_LITERAL_CONVERSION = YES;
				CLANG_WARN_OBJC_ROOT_CLASS = YES_ERROR;
				CLANG_WARN_QUOTED_INCLUDE_IN_FRAMEWORK_HEADER = YES;
				CLANG_WARN_RANGE_LOOP_ANALYSIS = YES;
				CLANG_WARN_STRICT_PROTOTYPES = YES;
				CLANG_WARN_SUSPICIOUS_MOVE = YES;
				CLANG_WARN_UNGUARDED_AVAILABILITY = YES_AGGRESSIVE;
				CLANG_WARN_UNREACHABLE_CODE = YES;
				CLANG_WARN__DUPLICATE_METHOD_MATCH = YES;
				COPY_PHASE_STRIP = NO;
				DEAD_CODE_STRIPPING = YES;
				DEBUG_INFORMATION_FORMAT = "dwarf-with-dsym";
				ENABLE_NS_ASSERTIONS = NO;
				ENABLE_STRICT_OBJC_MSGSEND = YES;
				ENABLE_USER_SCRIPT_SANDBOXING = YES;
				GCC_C_LANGUAGE_STANDARD = gnu17;
				GCC_NO_COMMON_BLOCKS = YES;
				GCC_WARN_64_TO_32_BIT_CONVERSION = YES;
				GCC_WARN_ABOUT_RETURN_TYPE = YES_ERROR;
				GCC_WARN_UNDECLARED_SELECTOR = YES;
				GCC_WARN_UNINITIALIZED_AUTOS = YES_AGGRESSIVE;
				GCC_WARN_UNUSED_FUNCTION = YES;
				GCC_WARN_UNUSED_VARIABLE = YES;
				LOCALIZATION_PREFERS_STRING_CATALOGS = YES;
				MACOSX_DEPLOYMENT_TARGET = 14.4;
				MTL_ENABLE_DEBUG_INFO = NO;
				MTL_FAST_MATH = YES;
				SDKROOT = macosx;
				SWIFT_COMPILATION_MODE = wholemodule;
			};
			name = Release;
		};
		4CED17FC2C130D31007588F7 /* Debug */ = {
			isa = XCBuildConfiguration;
			buildSettings = {
				ASSETCATALOG_COMPILER_APPICON_NAME = AppIcon;
				ASSETCATALOG_COMPILER_GLOBAL_ACCENT_COLOR_NAME = AccentColor;
				CODE_SIGN_ENTITLEMENTS = MalingAdventure/MalingAdventure.entitlements;
				CODE_SIGN_STYLE = Automatic;
				COMBINE_HIDPI_IMAGES = YES;
				CURRENT_PROJECT_VERSION = 1;
				DEAD_CODE_STRIPPING = YES;
<<<<<<< rama/end
				DEVELOPMENT_TEAM = 3G6F9PLS9D;
=======
				DEVELOPMENT_TEAM = KK835KRLS4;
>>>>>>> main
				ENABLE_HARDENED_RUNTIME = YES;
				GENERATE_INFOPLIST_FILE = YES;
				INFOPLIST_KEY_NSHumanReadableCopyright = "";
				INFOPLIST_KEY_NSMainStoryboardFile = Main;
				INFOPLIST_KEY_NSPrincipalClass = NSApplication;
				LD_RUNPATH_SEARCH_PATHS = (
					"$(inherited)",
					"@executable_path/../Frameworks",
				);
				MACOSX_DEPLOYMENT_TARGET = 14.0;
				MARKETING_VERSION = 1.0;
				PRODUCT_BUNDLE_IDENTIFIER = com.nadhif.MalingAdventure;
				PRODUCT_NAME = "$(TARGET_NAME)";
				SWIFT_EMIT_LOC_STRINGS = YES;
				SWIFT_VERSION = 5.0;
			};
			name = Debug;
		};
		4CED17FD2C130D31007588F7 /* Release */ = {
			isa = XCBuildConfiguration;
			buildSettings = {
				ASSETCATALOG_COMPILER_APPICON_NAME = AppIcon;
				ASSETCATALOG_COMPILER_GLOBAL_ACCENT_COLOR_NAME = AccentColor;
				CODE_SIGN_ENTITLEMENTS = MalingAdventure/MalingAdventure.entitlements;
				CODE_SIGN_STYLE = Automatic;
				COMBINE_HIDPI_IMAGES = YES;
				CURRENT_PROJECT_VERSION = 1;
				DEAD_CODE_STRIPPING = YES;
<<<<<<< rama/end
				DEVELOPMENT_TEAM = 3G6F9PLS9D;
=======
				DEVELOPMENT_TEAM = KK835KRLS4;
>>>>>>> main
				ENABLE_HARDENED_RUNTIME = YES;
				GENERATE_INFOPLIST_FILE = YES;
				INFOPLIST_KEY_NSHumanReadableCopyright = "";
				INFOPLIST_KEY_NSMainStoryboardFile = Main;
				INFOPLIST_KEY_NSPrincipalClass = NSApplication;
				LD_RUNPATH_SEARCH_PATHS = (
					"$(inherited)",
					"@executable_path/../Frameworks",
				);
				MACOSX_DEPLOYMENT_TARGET = 14.0;
				MARKETING_VERSION = 1.0;
				PRODUCT_BUNDLE_IDENTIFIER = com.nadhif.MalingAdventure;
				PRODUCT_NAME = "$(TARGET_NAME)";
				SWIFT_EMIT_LOC_STRINGS = YES;
				SWIFT_VERSION = 5.0;
			};
			name = Release;
		};
/* End XCBuildConfiguration section */

/* Begin XCConfigurationList section */
		4CED17E12C130D2F007588F7 /* Build configuration list for PBXProject "MalingAdventure" */ = {
			isa = XCConfigurationList;
			buildConfigurations = (
				4CED17F92C130D31007588F7 /* Debug */,
				4CED17FA2C130D31007588F7 /* Release */,
			);
			defaultConfigurationIsVisible = 0;
			defaultConfigurationName = Release;
		};
		4CED17FB2C130D31007588F7 /* Build configuration list for PBXNativeTarget "MalingAdventure" */ = {
			isa = XCConfigurationList;
			buildConfigurations = (
				4CED17FC2C130D31007588F7 /* Debug */,
				4CED17FD2C130D31007588F7 /* Release */,
			);
			defaultConfigurationIsVisible = 0;
			defaultConfigurationName = Release;
		};
/* End XCConfigurationList section */
	};
	rootObject = 4CED17DE2C130D2F007588F7 /* Project object */;
}
